
Microsoft Visual Studio Solution File, Format Version 12.00
# Visual Studio Version 17
VisualStudioVersion = 17.13.35919.96
MinimumVisualStudioVersion = 10.0.40219.1
Project("{8BC9CEB8-8B4A-11D0-8D11-00A0C91BC942}") = "xattr-win", "src\xattr-win.vcxproj", "{9B69F410-CD4A-4245-89B5-2055B4F8E4E4}"
EndProject
Project("{2150E333-8FDC-42A3-9474-1A3956D46DE8}") = "Solution Items", "Solution Items", "{8EC462FD-D22E-90A8-E5CE-7E832BA40C5D}"
	ProjectSection(SolutionItems) = preProject
		.clang-format = .clang-format
		.editorconfig = .editorconfig
		.gitattributes = .gitattributes
		.gitignore = .gitignore
		LICENSE = LICENSE
		README.md = README.md
	EndProjectSection
EndProject
Global
	GlobalSection(SolutionConfigurationPlatforms) = preSolution
		Debug|x64 = Debug|x64
		Debug|x86 = Debug|x86
		Release|x64 = Release|x64
		Release|x86 = Release|x86
	EndGlobalSection
	GlobalSection(ProjectConfigurationPlatforms) = postSolution
		{9B69F410-CD4A-4245-89B5-2055B4F8E4E4}.Debug|x64.ActiveCfg = Debug|x64
		{9B69F410-CD4A-4245-89B5-2055B4F8E4E4}.Debug|x64.Build.0 = Debug|x64
		{9B69F410-CD4A-4245-89B5-2055B4F8E4E4}.Debug|x86.ActiveCfg = Debug|Win32
		{9B69F410-CD4A-4245-89B5-2055B4F8E4E4}.Debug|x86.Build.0 = Debug|Win32
		{9B69F410-CD4A-4245-89B5-2055B4F8E4E4}.Release|x64.ActiveCfg = Release|x64
		{9B69F410-CD4A-4245-89B5-2055B4F8E4E4}.Release|x64.Build.0 = Release|x64
		{9B69F410-CD4A-4245-89B5-2055B4F8E4E4}.Release|x86.ActiveCfg = Release|Win32
		{9B69F410-CD4A-4245-89B5-2055B4F8E4E4}.Release|x86.Build.0 = Release|Win32
	EndGlobalSection
	GlobalSection(SolutionProperties) = preSolution
		HideSolutionNode = FALSE
	EndGlobalSection
	GlobalSection(ExtensibilityGlobals) = postSolution
		SolutionGuid = {C8C3E4D2-7250-4BD4-BD0D-99FE4736C936}
	EndGlobalSection
EndGlobal
